
Microsoft Visual Studio Solution File, Format Version 12.00
Project("{FAE04EC0-301F-11D3-BF4B-00C04F79EFBC}") = "DiscordLink", "DiscordLink\DiscordLink.csproj", "{C0B072E3-7A38-44DD-BAE0-340937173150}"
EndProject
Global
	GlobalSection(SolutionConfigurationPlatforms) = preSolution
		Debug|Any CPU = Debug|Any CPU
		Release|Any CPU = Release|Any CPU
		DebugVerbose|Any CPU = DebugVerbose|Any CPU
	EndGlobalSection
	GlobalSection(ProjectConfigurationPlatforms) = postSolution
		{C0B072E3-7A38-44DD-BAE0-340937173150}.Debug|Any CPU.ActiveCfg = Debug|Any CPU
		{C0B072E3-7A38-44DD-BAE0-340937173150}.Debug|Any CPU.Build.0 = Debug|Any CPU
		{C0B072E3-7A38-44DD-BAE0-340937173150}.Release|Any CPU.ActiveCfg = Release|Any CPU
		{C0B072E3-7A38-44DD-BAE0-340937173150}.Release|Any CPU.Build.0 = Release|Any CPU
		{C0B072E3-7A38-44DD-BAE0-340937173150}.DebugVerbose|Any CPU.ActiveCfg = DebugVerbose|Any CPU
		{C0B072E3-7A38-44DD-BAE0-340937173150}.DebugVerbose|Any CPU.Build.0 = DebugVerbose|Any CPU
	EndGlobalSection
EndGlobal
